
Microsoft Visual Studio Solution File, Format Version 12.00
# Visual Studio Version 17
VisualStudioVersion = 17.10.35004.147
MinimumVisualStudioVersion = 10.0.40219.1
Project("{FAE04EC0-301F-11D3-BF4B-00C04F79EFBC}") = "mathScore", "mathScore.csproj", "{FDAD4C01-FFAC-4E95-B8E3-AFC5B4C1AD05}"
EndProject
Global
	GlobalSection(SolutionConfigurationPlatforms) = preSolution
		Debug|Any CPU = Debug|Any CPU
		Release|Any CPU = Release|Any CPU
	EndGlobalSection
	GlobalSection(ProjectConfigurationPlatforms) = postSolution
		{FDAD4C01-FFAC-4E95-B8E3-AFC5B4C1AD05}.Debug|Any CPU.ActiveCfg = Debug|Any CPU
		{FDAD4C01-FFAC-4E95-B8E3-AFC5B4C1AD05}.Debug|Any CPU.Build.0 = Debug|Any CPU
		{FDAD4C01-FFAC-4E95-B8E3-AFC5B4C1AD05}.Debug|Any CPU.Deploy.0 = Debug|Any CPU
		{FDAD4C01-FFAC-4E95-B8E3-AFC5B4C1AD05}.Release|Any CPU.ActiveCfg = Release|Any CPU
		{FDAD4C01-FFAC-4E95-B8E3-AFC5B4C1AD05}.Release|Any CPU.Build.0 = Release|Any CPU
		{FDAD4C01-FFAC-4E95-B8E3-AFC5B4C1AD05}.Release|Any CPU.Deploy.0 = Release|Any CPU
	EndGlobalSection
	GlobalSection(SolutionProperties) = preSolution
		HideSolutionNode = FALSE
	EndGlobalSection
	GlobalSection(ExtensibilityGlobals) = postSolution
		SolutionGuid = {E458771D-BBAC-4E44-8521-D4EC82C93B1F}
	EndGlobalSection
EndGlobal
